// !$*UTF8*$!
{
	archiveVersion = 1;
	classes = {
	};
	objectVersion = 56;
	objects = {

/* Begin PBXBuildFile section */
		3105E23E2BFA6B4300B7EF43 /* TextModifier.swift in Sources */ = {isa = PBXBuildFile; fileRef = 3105E23D2BFA6B4300B7EF43 /* TextModifier.swift */; };
		3105E2402BFA6D8100B7EF43 /* Text+Ext.swift in Sources */ = {isa = PBXBuildFile; fileRef = 3105E23F2BFA6D8100B7EF43 /* Text+Ext.swift */; };
		3105E2422BFA6E2F00B7EF43 /* View+Ext.swift in Sources */ = {isa = PBXBuildFile; fileRef = 3105E2412BFA6E2F00B7EF43 /* View+Ext.swift */; };
		3105E24C2BFA907200B7EF43 /* EmployeeTabViewModel.swift in Sources */ = {isa = PBXBuildFile; fileRef = 3105E24B2BFA907200B7EF43 /* EmployeeTabViewModel.swift */; };
		3136A5992BF51DB10058F7AD /* ImageManager.swift in Sources */ = {isa = PBXBuildFile; fileRef = 3136A5982BF51DB10058F7AD /* ImageManager.swift */; };
		3136A59C2BF51E7D0058F7AD /* ImageCache.swift in Sources */ = {isa = PBXBuildFile; fileRef = 3136A59B2BF51E7D0058F7AD /* ImageCache.swift */; };
		3136A59F2BF51FDD0058F7AD /* AppConfigs.swift in Sources */ = {isa = PBXBuildFile; fileRef = 3136A59E2BF51FDD0058F7AD /* AppConfigs.swift */; };
		3136A5A12BF5224E0058F7AD /* ConfigsManager.swift in Sources */ = {isa = PBXBuildFile; fileRef = 3136A5A02BF5224E0058F7AD /* ConfigsManager.swift */; };
		3136A5A32BF523230058F7AD /* Settings.plist in Resources */ = {isa = PBXBuildFile; fileRef = 3136A5A22BF523230058F7AD /* Settings.plist */; };
		315BD4042BF569BA007D56D5 /* KeyValueItemView.swift in Sources */ = {isa = PBXBuildFile; fileRef = 315BD4032BF569BA007D56D5 /* KeyValueItemView.swift */; };
		315BD4062BF5ACAE007D56D5 /* EmployeeListViewModelTests.swift in Sources */ = {isa = PBXBuildFile; fileRef = 315BD4052BF5ACAE007D56D5 /* EmployeeListViewModelTests.swift */; };
		316731E02BF437F50012DDD7 /* EmployeeDirectoryApp.swift in Sources */ = {isa = PBXBuildFile; fileRef = 316731DF2BF437F50012DDD7 /* EmployeeDirectoryApp.swift */; };
		316731E22BF437F50012DDD7 /* EmployeeTabView.swift in Sources */ = {isa = PBXBuildFile; fileRef = 316731E12BF437F50012DDD7 /* EmployeeTabView.swift */; };
		316731E42BF437F70012DDD7 /* Assets.xcassets in Resources */ = {isa = PBXBuildFile; fileRef = 316731E32BF437F70012DDD7 /* Assets.xcassets */; };
		316731E72BF437F70012DDD7 /* Preview Assets.xcassets in Resources */ = {isa = PBXBuildFile; fileRef = 316731E62BF437F70012DDD7 /* Preview Assets.xcassets */; };
		3167320C2BF439640012DDD7 /* EmployeeListView.swift in Sources */ = {isa = PBXBuildFile; fileRef = 3167320B2BF439640012DDD7 /* EmployeeListView.swift */; };
		3167320E2BF4398A0012DDD7 /* EmployeeListViewModel.swift in Sources */ = {isa = PBXBuildFile; fileRef = 3167320D2BF4398A0012DDD7 /* EmployeeListViewModel.swift */; };
		316732112BF439D80012DDD7 /* EmployeeDetailView.swift in Sources */ = {isa = PBXBuildFile; fileRef = 316732102BF439D80012DDD7 /* EmployeeDetailView.swift */; };
		316732132BF439F00012DDD7 /* EmployeeDetailViewModel.swift in Sources */ = {isa = PBXBuildFile; fileRef = 316732122BF439F00012DDD7 /* EmployeeDetailViewModel.swift */; };
		316732162BF43A620012DDD7 /* SettingsView.swift in Sources */ = {isa = PBXBuildFile; fileRef = 316732152BF43A620012DDD7 /* SettingsView.swift */; };
		316732182BF43A720012DDD7 /* SettingsViewModel.swift in Sources */ = {isa = PBXBuildFile; fileRef = 316732172BF43A720012DDD7 /* SettingsViewModel.swift */; };
		3167321B2BF43C290012DDD7 /* OnboardingView.swift in Sources */ = {isa = PBXBuildFile; fileRef = 3167321A2BF43C290012DDD7 /* OnboardingView.swift */; };
		316732202BF43C800012DDD7 /* Employee.swift in Sources */ = {isa = PBXBuildFile; fileRef = 3167321F2BF43C800012DDD7 /* Employee.swift */; };
		316732222BF43EE60012DDD7 /* EmployeeType.swift in Sources */ = {isa = PBXBuildFile; fileRef = 316732212BF43EE60012DDD7 /* EmployeeType.swift */; };
		316732272BF441A80012DDD7 /* EDError.swift in Sources */ = {isa = PBXBuildFile; fileRef = 316732262BF441A80012DDD7 /* EDError.swift */; };
		316732292BF444430012DDD7 /* AlertItem.swift in Sources */ = {isa = PBXBuildFile; fileRef = 316732282BF444430012DDD7 /* AlertItem.swift */; };
		3167322D2BF4869C0012DDD7 /* EmployeeListCell.swift in Sources */ = {isa = PBXBuildFile; fileRef = 3167322C2BF4869C0012DDD7 /* EmployeeListCell.swift */; };
		3167322F2BF48C960012DDD7 /* Localizable.xcstrings in Resources */ = {isa = PBXBuildFile; fileRef = 3167322E2BF48C960012DDD7 /* Localizable.xcstrings */; };
		318334C22C08E05500A69345 /* LaunchScreen.storyboard in Resources */ = {isa = PBXBuildFile; fileRef = 318334C12C08E05500A69345 /* LaunchScreen.storyboard */; };
		318334C52C08F8E500A69345 /* EmployeeListCellViewModel.swift in Sources */ = {isa = PBXBuildFile; fileRef = 318334C42C08F8E500A69345 /* EmployeeListCellViewModel.swift */; };
		318334C72C09388D00A69345 /* EmployeeListCellViewModelTests.swift in Sources */ = {isa = PBXBuildFile; fileRef = 318334C62C09388D00A69345 /* EmployeeListCellViewModelTests.swift */; };
		31ABF0822BF5B85D001D7336 /* SettingsViewModelTests.swift in Sources */ = {isa = PBXBuildFile; fileRef = 31ABF0812BF5B85D001D7336 /* SettingsViewModelTests.swift */; };
		31ABF0842BF5BA8A001D7336 /* EmployeeTabViewModelTests.swift in Sources */ = {isa = PBXBuildFile; fileRef = 31ABF0832BF5BA8A001D7336 /* EmployeeTabViewModelTests.swift */; };
		31ABF0862BF5CA01001D7336 /* EmployeeDetailViewModelTests.swift in Sources */ = {isa = PBXBuildFile; fileRef = 31ABF0852BF5CA01001D7336 /* EmployeeDetailViewModelTests.swift */; };
		31DAEDF12BF74057001984FB /* EmployeeServiceType.swift in Sources */ = {isa = PBXBuildFile; fileRef = 31DAEDF02BF74057001984FB /* EmployeeServiceType.swift */; };
		31DAEDF32BF740DB001984FB /* RestfulService.swift in Sources */ = {isa = PBXBuildFile; fileRef = 31DAEDF22BF740DB001984FB /* RestfulService.swift */; };
		31DAEDF52BF742FE001984FB /* EmployeeService.swift in Sources */ = {isa = PBXBuildFile; fileRef = 31DAEDF42BF742FE001984FB /* EmployeeService.swift */; };
		31DAEDF72BF7476D001984FB /* MockEmployeeService.swift in Sources */ = {isa = PBXBuildFile; fileRef = 31DAEDF62BF7476D001984FB /* MockEmployeeService.swift */; };
/* End PBXBuildFile section */

/* Begin PBXContainerItemProxy section */
		316731ED2BF437F70012DDD7 /* PBXContainerItemProxy */ = {
			isa = PBXContainerItemProxy;
			containerPortal = 316731D42BF437F50012DDD7 /* Project object */;
			proxyType = 1;
			remoteGlobalIDString = 316731DB2BF437F50012DDD7;
			remoteInfo = EmployeeDirectory;
		};
/* End PBXContainerItemProxy section */

/* Begin PBXFileReference section */
		3105E23D2BFA6B4300B7EF43 /* TextModifier.swift */ = {isa = PBXFileReference; lastKnownFileType = sourcecode.swift; path = TextModifier.swift; sourceTree = "<group>"; };
		3105E23F2BFA6D8100B7EF43 /* Text+Ext.swift */ = {isa = PBXFileReference; lastKnownFileType = sourcecode.swift; path = "Text+Ext.swift"; sourceTree = "<group>"; };
		3105E2412BFA6E2F00B7EF43 /* View+Ext.swift */ = {isa = PBXFileReference; lastKnownFileType = sourcecode.swift; path = "View+Ext.swift"; sourceTree = "<group>"; };
		3105E24B2BFA907200B7EF43 /* EmployeeTabViewModel.swift */ = {isa = PBXFileReference; lastKnownFileType = sourcecode.swift; path = EmployeeTabViewModel.swift; sourceTree = "<group>"; };
		3136A5982BF51DB10058F7AD /* ImageManager.swift */ = {isa = PBXFileReference; lastKnownFileType = sourcecode.swift; path = ImageManager.swift; sourceTree = "<group>"; };
		3136A59B2BF51E7D0058F7AD /* ImageCache.swift */ = {isa = PBXFileReference; lastKnownFileType = sourcecode.swift; path = ImageCache.swift; sourceTree = "<group>"; };
		3136A59E2BF51FDD0058F7AD /* AppConfigs.swift */ = {isa = PBXFileReference; lastKnownFileType = sourcecode.swift; path = AppConfigs.swift; sourceTree = "<group>"; };
		3136A5A02BF5224E0058F7AD /* ConfigsManager.swift */ = {isa = PBXFileReference; lastKnownFileType = sourcecode.swift; path = ConfigsManager.swift; sourceTree = "<group>"; };
		3136A5A22BF523230058F7AD /* Settings.plist */ = {isa = PBXFileReference; lastKnownFileType = text.plist.xml; path = Settings.plist; sourceTree = "<group>"; };
		315BD4032BF569BA007D56D5 /* KeyValueItemView.swift */ = {isa = PBXFileReference; lastKnownFileType = sourcecode.swift; path = KeyValueItemView.swift; sourceTree = "<group>"; };
		315BD4052BF5ACAE007D56D5 /* EmployeeListViewModelTests.swift */ = {isa = PBXFileReference; lastKnownFileType = sourcecode.swift; path = EmployeeListViewModelTests.swift; sourceTree = "<group>"; };
		316731DC2BF437F50012DDD7 /* EmployeeDirectory.app */ = {isa = PBXFileReference; explicitFileType = wrapper.application; includeInIndex = 0; path = EmployeeDirectory.app; sourceTree = BUILT_PRODUCTS_DIR; };
		316731DF2BF437F50012DDD7 /* EmployeeDirectoryApp.swift */ = {isa = PBXFileReference; lastKnownFileType = sourcecode.swift; path = EmployeeDirectoryApp.swift; sourceTree = "<group>"; };
		316731E12BF437F50012DDD7 /* EmployeeTabView.swift */ = {isa = PBXFileReference; lastKnownFileType = sourcecode.swift; path = EmployeeTabView.swift; sourceTree = "<group>"; };
		316731E32BF437F70012DDD7 /* Assets.xcassets */ = {isa = PBXFileReference; lastKnownFileType = folder.assetcatalog; path = Assets.xcassets; sourceTree = "<group>"; };
		316731E62BF437F70012DDD7 /* Preview Assets.xcassets */ = {isa = PBXFileReference; lastKnownFileType = folder.assetcatalog; path = "Preview Assets.xcassets"; sourceTree = "<group>"; };
		316731EC2BF437F70012DDD7 /* EmployeeDirectoryTests.xctest */ = {isa = PBXFileReference; explicitFileType = wrapper.cfbundle; includeInIndex = 0; path = EmployeeDirectoryTests.xctest; sourceTree = BUILT_PRODUCTS_DIR; };
		3167320B2BF439640012DDD7 /* EmployeeListView.swift */ = {isa = PBXFileReference; lastKnownFileType = sourcecode.swift; path = EmployeeListView.swift; sourceTree = "<group>"; };
		3167320D2BF4398A0012DDD7 /* EmployeeListViewModel.swift */ = {isa = PBXFileReference; lastKnownFileType = sourcecode.swift; path = EmployeeListViewModel.swift; sourceTree = "<group>"; };
		316732102BF439D80012DDD7 /* EmployeeDetailView.swift */ = {isa = PBXFileReference; lastKnownFileType = sourcecode.swift; path = EmployeeDetailView.swift; sourceTree = "<group>"; };
		316732122BF439F00012DDD7 /* EmployeeDetailViewModel.swift */ = {isa = PBXFileReference; lastKnownFileType = sourcecode.swift; path = EmployeeDetailViewModel.swift; sourceTree = "<group>"; };
		316732152BF43A620012DDD7 /* SettingsView.swift */ = {isa = PBXFileReference; lastKnownFileType = sourcecode.swift; path = SettingsView.swift; sourceTree = "<group>"; };
		316732172BF43A720012DDD7 /* SettingsViewModel.swift */ = {isa = PBXFileReference; lastKnownFileType = sourcecode.swift; path = SettingsViewModel.swift; sourceTree = "<group>"; };
		3167321A2BF43C290012DDD7 /* OnboardingView.swift */ = {isa = PBXFileReference; lastKnownFileType = sourcecode.swift; path = OnboardingView.swift; sourceTree = "<group>"; };
		3167321F2BF43C800012DDD7 /* Employee.swift */ = {isa = PBXFileReference; lastKnownFileType = sourcecode.swift; path = Employee.swift; sourceTree = "<group>"; };
		316732212BF43EE60012DDD7 /* EmployeeType.swift */ = {isa = PBXFileReference; lastKnownFileType = sourcecode.swift; path = EmployeeType.swift; sourceTree = "<group>"; };
		316732262BF441A80012DDD7 /* EDError.swift */ = {isa = PBXFileReference; lastKnownFileType = sourcecode.swift; path = EDError.swift; sourceTree = "<group>"; };
		316732282BF444430012DDD7 /* AlertItem.swift */ = {isa = PBXFileReference; lastKnownFileType = sourcecode.swift; path = AlertItem.swift; sourceTree = "<group>"; };
		3167322C2BF4869C0012DDD7 /* EmployeeListCell.swift */ = {isa = PBXFileReference; lastKnownFileType = sourcecode.swift; path = EmployeeListCell.swift; sourceTree = "<group>"; };
		3167322E2BF48C960012DDD7 /* Localizable.xcstrings */ = {isa = PBXFileReference; lastKnownFileType = text.json.xcstrings; path = Localizable.xcstrings; sourceTree = "<group>"; };
		318334C12C08E05500A69345 /* LaunchScreen.storyboard */ = {isa = PBXFileReference; lastKnownFileType = file.storyboard; path = LaunchScreen.storyboard; sourceTree = "<group>"; };
		318334C32C08E15200A69345 /* Info.plist */ = {isa = PBXFileReference; lastKnownFileType = text.plist.xml; path = Info.plist; sourceTree = "<group>"; };
		318334C42C08F8E500A69345 /* EmployeeListCellViewModel.swift */ = {isa = PBXFileReference; lastKnownFileType = sourcecode.swift; path = EmployeeListCellViewModel.swift; sourceTree = "<group>"; };
		318334C62C09388D00A69345 /* EmployeeListCellViewModelTests.swift */ = {isa = PBXFileReference; lastKnownFileType = sourcecode.swift; path = EmployeeListCellViewModelTests.swift; sourceTree = "<group>"; };
		31A980102BFC264200EE8EF7 /* README.md */ = {isa = PBXFileReference; lastKnownFileType = net.daringfireball.markdown; path = README.md; sourceTree = "<group>"; };
		31ABF0812BF5B85D001D7336 /* SettingsViewModelTests.swift */ = {isa = PBXFileReference; lastKnownFileType = sourcecode.swift; path = SettingsViewModelTests.swift; sourceTree = "<group>"; };
		31ABF0832BF5BA8A001D7336 /* EmployeeTabViewModelTests.swift */ = {isa = PBXFileReference; lastKnownFileType = sourcecode.swift; path = EmployeeTabViewModelTests.swift; sourceTree = "<group>"; };
		31ABF0852BF5CA01001D7336 /* EmployeeDetailViewModelTests.swift */ = {isa = PBXFileReference; lastKnownFileType = sourcecode.swift; path = EmployeeDetailViewModelTests.swift; sourceTree = "<group>"; };
		31D500992BF5B4D7004A8288 /* EmployeeDirectory.xctestplan */ = {isa = PBXFileReference; lastKnownFileType = text; path = EmployeeDirectory.xctestplan; sourceTree = "<group>"; };
		31DAEDF02BF74057001984FB /* EmployeeServiceType.swift */ = {isa = PBXFileReference; lastKnownFileType = sourcecode.swift; path = EmployeeServiceType.swift; sourceTree = "<group>"; };
		31DAEDF22BF740DB001984FB /* RestfulService.swift */ = {isa = PBXFileReference; lastKnownFileType = sourcecode.swift; path = RestfulService.swift; sourceTree = "<group>"; };
		31DAEDF42BF742FE001984FB /* EmployeeService.swift */ = {isa = PBXFileReference; lastKnownFileType = sourcecode.swift; path = EmployeeService.swift; sourceTree = "<group>"; };
		31DAEDF62BF7476D001984FB /* MockEmployeeService.swift */ = {isa = PBXFileReference; lastKnownFileType = sourcecode.swift; path = MockEmployeeService.swift; sourceTree = "<group>"; };
/* End PBXFileReference section */

/* Begin PBXFrameworksBuildPhase section */
		316731D92BF437F50012DDD7 /* Frameworks */ = {
			isa = PBXFrameworksBuildPhase;
			buildActionMask = 2147483647;
			files = (
			);
			runOnlyForDeploymentPostprocessing = 0;
		};
		316731E92BF437F70012DDD7 /* Frameworks */ = {
			isa = PBXFrameworksBuildPhase;
			buildActionMask = 2147483647;
			files = (
			);
			runOnlyForDeploymentPostprocessing = 0;
		};
/* End PBXFrameworksBuildPhase section */

/* Begin PBXGroup section */
		3105E2352BFA65D000B7EF43 /* Base */ = {
			isa = PBXGroup;
			children = (
				31DAEDF22BF740DB001984FB /* RestfulService.swift */,
			);
			path = Base;
			sourceTree = "<group>";
		};
		3105E2362BFA65E800B7EF43 /* EmployeeService */ = {
			isa = PBXGroup;
			children = (
				31DAEDF02BF74057001984FB /* EmployeeServiceType.swift */,
				31DAEDF42BF742FE001984FB /* EmployeeService.swift */,
				31DAEDF62BF7476D001984FB /* MockEmployeeService.swift */,
			);
			path = EmployeeService;
			sourceTree = "<group>";
		};
		3105E2372BFA667E00B7EF43 /* ImageManager */ = {
			isa = PBXGroup;
			children = (
				3136A59B2BF51E7D0058F7AD /* ImageCache.swift */,
				3136A5982BF51DB10058F7AD /* ImageManager.swift */,
			);
			path = ImageManager;
			sourceTree = "<group>";
		};
		3105E2382BFA678000B7EF43 /* EmployeeTab */ = {
			isa = PBXGroup;
			children = (
				3105E24B2BFA907200B7EF43 /* EmployeeTabViewModel.swift */,
				316731E12BF437F50012DDD7 /* EmployeeTabView.swift */,
				3167321A2BF43C290012DDD7 /* OnboardingView.swift */,
			);
			path = EmployeeTab;
			sourceTree = "<group>";
		};
		3105E2392BFA69E100B7EF43 /* App */ = {
			isa = PBXGroup;
			children = (
				316731DF2BF437F50012DDD7 /* EmployeeDirectoryApp.swift */,
			);
			path = App;
			sourceTree = "<group>";
		};
		3105E23C2BFA6AC000B7EF43 /* Modifiers */ = {
			isa = PBXGroup;
			children = (
				3105E23D2BFA6B4300B7EF43 /* TextModifier.swift */,
				3105E23F2BFA6D8100B7EF43 /* Text+Ext.swift */,
				3105E2412BFA6E2F00B7EF43 /* View+Ext.swift */,
			);
			path = Modifiers;
			sourceTree = "<group>";
		};
		3136A59D2BF51FCC0058F7AD /* ConfigsManager */ = {
			isa = PBXGroup;
			children = (
				3136A5A02BF5224E0058F7AD /* ConfigsManager.swift */,
				3136A59E2BF51FDD0058F7AD /* AppConfigs.swift */,
			);
			path = ConfigsManager;
			sourceTree = "<group>";
		};
		315BD4022BF56995007D56D5 /* Views */ = {
			isa = PBXGroup;
			children = (
				3105E23C2BFA6AC000B7EF43 /* Modifiers */,
				315BD4032BF569BA007D56D5 /* KeyValueItemView.swift */,
			);
			path = Views;
			sourceTree = "<group>";
		};
		316731D32BF437F50012DDD7 = {
			isa = PBXGroup;
			children = (
				31A980102BFC264200EE8EF7 /* README.md */,
				31D500992BF5B4D7004A8288 /* EmployeeDirectory.xctestplan */,
				316731DE2BF437F50012DDD7 /* EmployeeDirectory */,
				316731EF2BF437F70012DDD7 /* EmployeeDirectoryTests */,
				316731DD2BF437F50012DDD7 /* Products */,
			);
			sourceTree = "<group>";
		};
		316731DD2BF437F50012DDD7 /* Products */ = {
			isa = PBXGroup;
			children = (
				316731DC2BF437F50012DDD7 /* EmployeeDirectory.app */,
				316731EC2BF437F70012DDD7 /* EmployeeDirectoryTests.xctest */,
			);
			name = Products;
			sourceTree = "<group>";
		};
		316731DE2BF437F50012DDD7 /* EmployeeDirectory */ = {
			isa = PBXGroup;
			children = (
				31DAEDEF2BF7403C001984FB /* Services */,
				316732232BF43FF40012DDD7 /* Managers */,
				3167321E2BF43C630012DDD7 /* Models */,
				316732092BF439200012DDD7 /* Screens */,
				315BD4022BF56995007D56D5 /* Views */,
				316731E52BF437F70012DDD7 /* Preview Content */,
				318334C02C08E01B00A69345 /* Supports */,
				3167322E2BF48C960012DDD7 /* Localizable.xcstrings */,
			);
			path = EmployeeDirectory;
			sourceTree = "<group>";
		};
		316731E52BF437F70012DDD7 /* Preview Content */ = {
			isa = PBXGroup;
			children = (
				316731E62BF437F70012DDD7 /* Preview Assets.xcassets */,
			);
			path = "Preview Content";
			sourceTree = "<group>";
		};
		316731EF2BF437F70012DDD7 /* EmployeeDirectoryTests */ = {
			isa = PBXGroup;
			children = (
				31ABF0832BF5BA8A001D7336 /* EmployeeTabViewModelTests.swift */,
				315BD4052BF5ACAE007D56D5 /* EmployeeListViewModelTests.swift */,
				31ABF0852BF5CA01001D7336 /* EmployeeDetailViewModelTests.swift */,
				31ABF0812BF5B85D001D7336 /* SettingsViewModelTests.swift */,
				318334C62C09388D00A69345 /* EmployeeListCellViewModelTests.swift */,
			);
			path = EmployeeDirectoryTests;
			sourceTree = "<group>";
		};
		316732092BF439200012DDD7 /* Screens */ = {
			isa = PBXGroup;
			children = (
				3105E2392BFA69E100B7EF43 /* App */,
				3105E2382BFA678000B7EF43 /* EmployeeTab */,
				3167320A2BF439440012DDD7 /* EmployeeList */,
				3167320F2BF439930012DDD7 /* EmployeeDetail */,
				316732142BF43A1C0012DDD7 /* Settings */,
			);
			path = Screens;
			sourceTree = "<group>";
		};
		3167320A2BF439440012DDD7 /* EmployeeList */ = {
			isa = PBXGroup;
			children = (
				3167320D2BF4398A0012DDD7 /* EmployeeListViewModel.swift */,
				3167320B2BF439640012DDD7 /* EmployeeListView.swift */,
				318334C42C08F8E500A69345 /* EmployeeListCellViewModel.swift */,
				3167322C2BF4869C0012DDD7 /* EmployeeListCell.swift */,
			);
			path = EmployeeList;
			sourceTree = "<group>";
		};
		3167320F2BF439930012DDD7 /* EmployeeDetail */ = {
			isa = PBXGroup;
			children = (
				316732122BF439F00012DDD7 /* EmployeeDetailViewModel.swift */,
				316732102BF439D80012DDD7 /* EmployeeDetailView.swift */,
			);
			path = EmployeeDetail;
			sourceTree = "<group>";
		};
		316732142BF43A1C0012DDD7 /* Settings */ = {
			isa = PBXGroup;
			children = (
				316732172BF43A720012DDD7 /* SettingsViewModel.swift */,
				316732152BF43A620012DDD7 /* SettingsView.swift */,
			);
			path = Settings;
			sourceTree = "<group>";
		};
		3167321E2BF43C630012DDD7 /* Models */ = {
			isa = PBXGroup;
			children = (
				3167321F2BF43C800012DDD7 /* Employee.swift */,
				316732212BF43EE60012DDD7 /* EmployeeType.swift */,
				316732262BF441A80012DDD7 /* EDError.swift */,
				316732282BF444430012DDD7 /* AlertItem.swift */,
			);
			path = Models;
			sourceTree = "<group>";
		};
		316732232BF43FF40012DDD7 /* Managers */ = {
			isa = PBXGroup;
			children = (
				3136A59D2BF51FCC0058F7AD /* ConfigsManager */,
				3105E2372BFA667E00B7EF43 /* ImageManager */,
			);
			path = Managers;
			sourceTree = "<group>";
		};
		318334C02C08E01B00A69345 /* Supports */ = {
			isa = PBXGroup;
			children = (
				318334C32C08E15200A69345 /* Info.plist */,
				316731E32BF437F70012DDD7 /* Assets.xcassets */,
				3136A5A22BF523230058F7AD /* Settings.plist */,
				318334C12C08E05500A69345 /* LaunchScreen.storyboard */,
			);
			path = Supports;
			sourceTree = "<group>";
		};
		31DAEDEF2BF7403C001984FB /* Services */ = {
			isa = PBXGroup;
			children = (
				3105E2352BFA65D000B7EF43 /* Base */,
				3105E2362BFA65E800B7EF43 /* EmployeeService */,
			);
			path = Services;
			sourceTree = "<group>";
		};
/* End PBXGroup section */

/* Begin PBXNativeTarget section */
		316731DB2BF437F50012DDD7 /* EmployeeDirectory */ = {
			isa = PBXNativeTarget;
			buildConfigurationList = 316732002BF437F70012DDD7 /* Build configuration list for PBXNativeTarget "EmployeeDirectory" */;
			buildPhases = (
				316731D82BF437F50012DDD7 /* Sources */,
				316731D92BF437F50012DDD7 /* Frameworks */,
				316731DA2BF437F50012DDD7 /* Resources */,
			);
			buildRules = (
			);
			dependencies = (
			);
			name = EmployeeDirectory;
			productName = EmployeeDirectory;
			productReference = 316731DC2BF437F50012DDD7 /* EmployeeDirectory.app */;
			productType = "com.apple.product-type.application";
		};
		316731EB2BF437F70012DDD7 /* EmployeeDirectoryTests */ = {
			isa = PBXNativeTarget;
			buildConfigurationList = 316732032BF437F70012DDD7 /* Build configuration list for PBXNativeTarget "EmployeeDirectoryTests" */;
			buildPhases = (
				316731E82BF437F70012DDD7 /* Sources */,
				316731E92BF437F70012DDD7 /* Frameworks */,
				316731EA2BF437F70012DDD7 /* Resources */,
			);
			buildRules = (
			);
			dependencies = (
				316731EE2BF437F70012DDD7 /* PBXTargetDependency */,
			);
			name = EmployeeDirectoryTests;
			productName = EmployeeDirectoryTests;
			productReference = 316731EC2BF437F70012DDD7 /* EmployeeDirectoryTests.xctest */;
			productType = "com.apple.product-type.bundle.unit-test";
		};
/* End PBXNativeTarget section */

/* Begin PBXProject section */
		316731D42BF437F50012DDD7 /* Project object */ = {
			isa = PBXProject;
			attributes = {
				BuildIndependentTargetsInParallel = 1;
				LastSwiftUpdateCheck = 1520;
				LastUpgradeCheck = 1620;
				TargetAttributes = {
					316731DB2BF437F50012DDD7 = {
						CreatedOnToolsVersion = 15.2;
					};
					316731EB2BF437F70012DDD7 = {
						CreatedOnToolsVersion = 15.2;
						TestTargetID = 316731DB2BF437F50012DDD7;
					};
				};
			};
			buildConfigurationList = 316731D72BF437F50012DDD7 /* Build configuration list for PBXProject "EmployeeDirectory" */;
			compatibilityVersion = "Xcode 14.0";
			developmentRegion = en;
			hasScannedForEncodings = 0;
			knownRegions = (
				en,
				Base,
				"fr-CA",
			);
			mainGroup = 316731D32BF437F50012DDD7;
			productRefGroup = 316731DD2BF437F50012DDD7 /* Products */;
			projectDirPath = "";
			projectRoot = "";
			targets = (
				316731DB2BF437F50012DDD7 /* EmployeeDirectory */,
				316731EB2BF437F70012DDD7 /* EmployeeDirectoryTests */,
			);
		};
/* End PBXProject section */

/* Begin PBXResourcesBuildPhase section */
		316731DA2BF437F50012DDD7 /* Resources */ = {
			isa = PBXResourcesBuildPhase;
			buildActionMask = 2147483647;
			files = (
				316731E72BF437F70012DDD7 /* Preview Assets.xcassets in Resources */,
				3136A5A32BF523230058F7AD /* Settings.plist in Resources */,
				316731E42BF437F70012DDD7 /* Assets.xcassets in Resources */,
				318334C22C08E05500A69345 /* LaunchScreen.storyboard in Resources */,
				3167322F2BF48C960012DDD7 /* Localizable.xcstrings in Resources */,
			);
			runOnlyForDeploymentPostprocessing = 0;
		};
		316731EA2BF437F70012DDD7 /* Resources */ = {
			isa = PBXResourcesBuildPhase;
			buildActionMask = 2147483647;
			files = (
			);
			runOnlyForDeploymentPostprocessing = 0;
		};
/* End PBXResourcesBuildPhase section */

/* Begin PBXSourcesBuildPhase section */
		316731D82BF437F50012DDD7 /* Sources */ = {
			isa = PBXSourcesBuildPhase;
			buildActionMask = 2147483647;
			files = (
				3105E2422BFA6E2F00B7EF43 /* View+Ext.swift in Sources */,
				316732162BF43A620012DDD7 /* SettingsView.swift in Sources */,
				3136A5992BF51DB10058F7AD /* ImageManager.swift in Sources */,
				316731E22BF437F50012DDD7 /* EmployeeTabView.swift in Sources */,
				316732132BF439F00012DDD7 /* EmployeeDetailViewModel.swift in Sources */,
				316732202BF43C800012DDD7 /* Employee.swift in Sources */,
				3167321B2BF43C290012DDD7 /* OnboardingView.swift in Sources */,
				31DAEDF72BF7476D001984FB /* MockEmployeeService.swift in Sources */,
				316731E02BF437F50012DDD7 /* EmployeeDirectoryApp.swift in Sources */,
				316732272BF441A80012DDD7 /* EDError.swift in Sources */,
				315BD4042BF569BA007D56D5 /* KeyValueItemView.swift in Sources */,
				316732222BF43EE60012DDD7 /* EmployeeType.swift in Sources */,
				3167322D2BF4869C0012DDD7 /* EmployeeListCell.swift in Sources */,
				3105E24C2BFA907200B7EF43 /* EmployeeTabViewModel.swift in Sources */,
				318334C52C08F8E500A69345 /* EmployeeListCellViewModel.swift in Sources */,
				316732112BF439D80012DDD7 /* EmployeeDetailView.swift in Sources */,
				31DAEDF52BF742FE001984FB /* EmployeeService.swift in Sources */,
				31DAEDF12BF74057001984FB /* EmployeeServiceType.swift in Sources */,
				3105E2402BFA6D8100B7EF43 /* Text+Ext.swift in Sources */,
				31DAEDF32BF740DB001984FB /* RestfulService.swift in Sources */,
				3136A59C2BF51E7D0058F7AD /* ImageCache.swift in Sources */,
				3167320E2BF4398A0012DDD7 /* EmployeeListViewModel.swift in Sources */,
				3136A5A12BF5224E0058F7AD /* ConfigsManager.swift in Sources */,
				3105E23E2BFA6B4300B7EF43 /* TextModifier.swift in Sources */,
				3167320C2BF439640012DDD7 /* EmployeeListView.swift in Sources */,
				316732292BF444430012DDD7 /* AlertItem.swift in Sources */,
				3136A59F2BF51FDD0058F7AD /* AppConfigs.swift in Sources */,
				316732182BF43A720012DDD7 /* SettingsViewModel.swift in Sources */,
			);
			runOnlyForDeploymentPostprocessing = 0;
		};
		316731E82BF437F70012DDD7 /* Sources */ = {
			isa = PBXSourcesBuildPhase;
			buildActionMask = 2147483647;
			files = (
				315BD4062BF5ACAE007D56D5 /* EmployeeListViewModelTests.swift in Sources */,
				31ABF0842BF5BA8A001D7336 /* EmployeeTabViewModelTests.swift in Sources */,
				31ABF0822BF5B85D001D7336 /* SettingsViewModelTests.swift in Sources */,
				318334C72C09388D00A69345 /* EmployeeListCellViewModelTests.swift in Sources */,
				31ABF0862BF5CA01001D7336 /* EmployeeDetailViewModelTests.swift in Sources */,
			);
			runOnlyForDeploymentPostprocessing = 0;
		};
/* End PBXSourcesBuildPhase section */

/* Begin PBXTargetDependency section */
		316731EE2BF437F70012DDD7 /* PBXTargetDependency */ = {
			isa = PBXTargetDependency;
			target = 316731DB2BF437F50012DDD7 /* EmployeeDirectory */;
			targetProxy = 316731ED2BF437F70012DDD7 /* PBXContainerItemProxy */;
		};
/* End PBXTargetDependency section */

/* Begin XCBuildConfiguration section */
		316731FE2BF437F70012DDD7 /* Debug */ = {
			isa = XCBuildConfiguration;
			buildSettings = {
				ALWAYS_SEARCH_USER_PATHS = NO;
				ASSETCATALOG_COMPILER_GENERATE_SWIFT_ASSET_SYMBOL_EXTENSIONS = YES;
				CLANG_ANALYZER_NONNULL = YES;
				CLANG_ANALYZER_NUMBER_OBJECT_CONVERSION = YES_AGGRESSIVE;
				CLANG_CXX_LANGUAGE_STANDARD = "gnu++20";
				CLANG_ENABLE_MODULES = YES;
				CLANG_ENABLE_OBJC_ARC = YES;
				CLANG_ENABLE_OBJC_WEAK = YES;
				CLANG_WARN_BLOCK_CAPTURE_AUTORELEASING = YES;
				CLANG_WARN_BOOL_CONVERSION = YES;
				CLANG_WARN_COMMA = YES;
				CLANG_WARN_CONSTANT_CONVERSION = YES;
				CLANG_WARN_DEPRECATED_OBJC_IMPLEMENTATIONS = YES;
				CLANG_WARN_DIRECT_OBJC_ISA_USAGE = YES_ERROR;
				CLANG_WARN_DOCUMENTATION_COMMENTS = YES;
				CLANG_WARN_EMPTY_BODY = YES;
				CLANG_WARN_ENUM_CONVERSION = YES;
				CLANG_WARN_INFINITE_RECURSION = YES;
				CLANG_WARN_INT_CONVERSION = YES;
				CLANG_WARN_NON_LITERAL_NULL_CONVERSION = YES;
				CLANG_WARN_OBJC_IMPLICIT_RETAIN_SELF = YES;
				CLANG_WARN_OBJC_LITERAL_CONVERSION = YES;
				CLANG_WARN_OBJC_ROOT_CLASS = YES_ERROR;
				CLANG_WARN_QUOTED_INCLUDE_IN_FRAMEWORK_HEADER = YES;
				CLANG_WARN_RANGE_LOOP_ANALYSIS = YES;
				CLANG_WARN_STRICT_PROTOTYPES = YES;
				CLANG_WARN_SUSPICIOUS_MOVE = YES;
				CLANG_WARN_UNGUARDED_AVAILABILITY = YES_AGGRESSIVE;
				CLANG_WARN_UNREACHABLE_CODE = YES;
				CLANG_WARN__DUPLICATE_METHOD_MATCH = YES;
				COPY_PHASE_STRIP = NO;
				DEBUG_INFORMATION_FORMAT = dwarf;
				ENABLE_STRICT_OBJC_MSGSEND = YES;
				ENABLE_TESTABILITY = YES;
				ENABLE_USER_SCRIPT_SANDBOXING = YES;
				GCC_C_LANGUAGE_STANDARD = gnu17;
				GCC_DYNAMIC_NO_PIC = NO;
				GCC_NO_COMMON_BLOCKS = YES;
				GCC_OPTIMIZATION_LEVEL = 0;
				GCC_PREPROCESSOR_DEFINITIONS = (
					"DEBUG=1",
					"$(inherited)",
				);
				GCC_WARN_64_TO_32_BIT_CONVERSION = YES;
				GCC_WARN_ABOUT_RETURN_TYPE = YES_ERROR;
				GCC_WARN_UNDECLARED_SELECTOR = YES;
				GCC_WARN_UNINITIALIZED_AUTOS = YES_AGGRESSIVE;
				GCC_WARN_UNUSED_FUNCTION = YES;
				GCC_WARN_UNUSED_VARIABLE = YES;
				IPHONEOS_DEPLOYMENT_TARGET = 15.0;
				LOCALIZATION_PREFERS_STRING_CATALOGS = YES;
				MTL_ENABLE_DEBUG_INFO = INCLUDE_SOURCE;
				MTL_FAST_MATH = YES;
				ONLY_ACTIVE_ARCH = YES;
				SDKROOT = iphoneos;
				SWIFT_ACTIVE_COMPILATION_CONDITIONS = "DEBUG $(inherited)";
				SWIFT_OPTIMIZATION_LEVEL = "-Onone";
				SWIFT_STRICT_CONCURRENCY = complete;
				SWIFT_VERSION = 6.0;
			};
			name = Debug;
		};
		316731FF2BF437F70012DDD7 /* Release */ = {
			isa = XCBuildConfiguration;
			buildSettings = {
				ALWAYS_SEARCH_USER_PATHS = NO;
				ASSETCATALOG_COMPILER_GENERATE_SWIFT_ASSET_SYMBOL_EXTENSIONS = YES;
				CLANG_ANALYZER_NONNULL = YES;
				CLANG_ANALYZER_NUMBER_OBJECT_CONVERSION = YES_AGGRESSIVE;
				CLANG_CXX_LANGUAGE_STANDARD = "gnu++20";
				CLANG_ENABLE_MODULES = YES;
				CLANG_ENABLE_OBJC_ARC = YES;
				CLANG_ENABLE_OBJC_WEAK = YES;
				CLANG_WARN_BLOCK_CAPTURE_AUTORELEASING = YES;
				CLANG_WARN_BOOL_CONVERSION = YES;
				CLANG_WARN_COMMA = YES;
				CLANG_WARN_CONSTANT_CONVERSION = YES;
				CLANG_WARN_DEPRECATED_OBJC_IMPLEMENTATIONS = YES;
				CLANG_WARN_DIRECT_OBJC_ISA_USAGE = YES_ERROR;
				CLANG_WARN_DOCUMENTATION_COMMENTS = YES;
				CLANG_WARN_EMPTY_BODY = YES;
				CLANG_WARN_ENUM_CONVERSION = YES;
				CLANG_WARN_INFINITE_RECURSION = YES;
				CLANG_WARN_INT_CONVERSION = YES;
				CLANG_WARN_NON_LITERAL_NULL_CONVERSION = YES;
				CLANG_WARN_OBJC_IMPLICIT_RETAIN_SELF = YES;
				CLANG_WARN_OBJC_LITERAL_CONVERSION = YES;
				CLANG_WARN_OBJC_ROOT_CLASS = YES_ERROR;
				CLANG_WARN_QUOTED_INCLUDE_IN_FRAMEWORK_HEADER = YES;
				CLANG_WARN_RANGE_LOOP_ANALYSIS = YES;
				CLANG_WARN_STRICT_PROTOTYPES = YES;
				CLANG_WARN_SUSPICIOUS_MOVE = YES;
				CLANG_WARN_UNGUARDED_AVAILABILITY = YES_AGGRESSIVE;
				CLANG_WARN_UNREACHABLE_CODE = YES;
				CLANG_WARN__DUPLICATE_METHOD_MATCH = YES;
				COPY_PHASE_STRIP = NO;
				DEBUG_INFORMATION_FORMAT = "dwarf-with-dsym";
				ENABLE_NS_ASSERTIONS = NO;
				ENABLE_STRICT_OBJC_MSGSEND = YES;
				ENABLE_USER_SCRIPT_SANDBOXING = YES;
				GCC_C_LANGUAGE_STANDARD = gnu17;
				GCC_NO_COMMON_BLOCKS = YES;
				GCC_WARN_64_TO_32_BIT_CONVERSION = YES;
				GCC_WARN_ABOUT_RETURN_TYPE = YES_ERROR;
				GCC_WARN_UNDECLARED_SELECTOR = YES;
				GCC_WARN_UNINITIALIZED_AUTOS = YES_AGGRESSIVE;
				GCC_WARN_UNUSED_FUNCTION = YES;
				GCC_WARN_UNUSED_VARIABLE = YES;
				IPHONEOS_DEPLOYMENT_TARGET = 15.0;
				LOCALIZATION_PREFERS_STRING_CATALOGS = YES;
				MTL_ENABLE_DEBUG_INFO = NO;
				MTL_FAST_MATH = YES;
				SDKROOT = iphoneos;
				SWIFT_COMPILATION_MODE = wholemodule;
				SWIFT_STRICT_CONCURRENCY = complete;
				SWIFT_VERSION = 6.0;
				VALIDATE_PRODUCT = YES;
			};
			name = Release;
		};
		316732012BF437F70012DDD7 /* Debug */ = {
			isa = XCBuildConfiguration;
			buildSettings = {
				ASSETCATALOG_COMPILER_APPICON_NAME = AppIcon;
				ASSETCATALOG_COMPILER_GLOBAL_ACCENT_COLOR_NAME = AccentColor;
				CODE_SIGN_IDENTITY = "Apple Development";
				CODE_SIGN_STYLE = Automatic;
				CURRENT_PROJECT_VERSION = 1;
				DEVELOPMENT_ASSET_PATHS = "\"EmployeeDirectory/Preview Content\"";
				DEVELOPMENT_TEAM = 7B42UT7567;
				ENABLE_PREVIEWS = YES;
				GENERATE_INFOPLIST_FILE = YES;
				INFOPLIST_FILE = EmployeeDirectory/Supports/Info.plist;
				INFOPLIST_KEY_CFBundleDisplayName = "E Directory";
				INFOPLIST_KEY_LSApplicationCategoryType = "public.app-category.utilities";
				INFOPLIST_KEY_UIApplicationSceneManifest_Generation = YES;
				INFOPLIST_KEY_UIApplicationSupportsIndirectInputEvents = YES;
				INFOPLIST_KEY_UILaunchStoryboardName = LaunchScreen;
				INFOPLIST_KEY_UISupportedInterfaceOrientations = UIInterfaceOrientationPortrait;
				INFOPLIST_KEY_UISupportedInterfaceOrientations_iPad = "UIInterfaceOrientationLandscapeLeft UIInterfaceOrientationLandscapeRight UIInterfaceOrientationPortrait UIInterfaceOrientationPortraitUpsideDown";
				IPHONEOS_DEPLOYMENT_TARGET = 15.0;
				LD_RUNPATH_SEARCH_PATHS = (
					"$(inherited)",
					"@executable_path/Frameworks",
				);
				MARKETING_VERSION = 1.0;
				PRODUCT_BUNDLE_IDENTIFIER = com.jbrothers.EmployeeDirectory;
				PRODUCT_NAME = "$(TARGET_NAME)";
				PROVISIONING_PROFILE_SPECIFIER = "";
				SUPPORTED_PLATFORMS = "iphoneos iphonesimulator";
				SUPPORTS_MACCATALYST = NO;
				SUPPORTS_MAC_DESIGNED_FOR_IPHONE_IPAD = NO;
				SUPPORTS_XR_DESIGNED_FOR_IPHONE_IPAD = NO;
				SWIFT_EMIT_LOC_STRINGS = YES;
				SWIFT_STRICT_CONCURRENCY = complete;
				SWIFT_VERSION = 5.0;
				TARGETED_DEVICE_FAMILY = 1;
			};
			name = Debug;
		};
		316732022BF437F70012DDD7 /* Release */ = {
			isa = XCBuildConfiguration;
			buildSettings = {
				ASSETCATALOG_COMPILER_APPICON_NAME = AppIcon;
				ASSETCATALOG_COMPILER_GLOBAL_ACCENT_COLOR_NAME = AccentColor;
				CODE_SIGN_IDENTITY = "Apple Development";
				CODE_SIGN_STYLE = Automatic;
				CURRENT_PROJECT_VERSION = 1;
				DEVELOPMENT_ASSET_PATHS = "\"EmployeeDirectory/Preview Content\"";
				DEVELOPMENT_TEAM = 7B42UT7567;
				ENABLE_PREVIEWS = YES;
				GENERATE_INFOPLIST_FILE = YES;
				INFOPLIST_FILE = EmployeeDirectory/Supports/Info.plist;
				INFOPLIST_KEY_CFBundleDisplayName = "E Directory";
				INFOPLIST_KEY_LSApplicationCategoryType = "public.app-category.utilities";
				INFOPLIST_KEY_UIApplicationSceneManifest_Generation = YES;
				INFOPLIST_KEY_UIApplicationSupportsIndirectInputEvents = YES;
				INFOPLIST_KEY_UILaunchStoryboardName = LaunchScreen;
				INFOPLIST_KEY_UISupportedInterfaceOrientations = UIInterfaceOrientationPortrait;
				INFOPLIST_KEY_UISupportedInterfaceOrientations_iPad = "UIInterfaceOrientationLandscapeLeft UIInterfaceOrientationLandscapeRight UIInterfaceOrientationPortrait UIInterfaceOrientationPortraitUpsideDown";
				IPHONEOS_DEPLOYMENT_TARGET = 15.0;
				LD_RUNPATH_SEARCH_PATHS = (
					"$(inherited)",
					"@executable_path/Frameworks",
				);
				MARKETING_VERSION = 1.0;
				PRODUCT_BUNDLE_IDENTIFIER = com.jbrothers.EmployeeDirectory;
				PRODUCT_NAME = "$(TARGET_NAME)";
				PROVISIONING_PROFILE_SPECIFIER = "";
				SUPPORTED_PLATFORMS = "iphoneos iphonesimulator";
				SUPPORTS_MACCATALYST = NO;
				SUPPORTS_MAC_DESIGNED_FOR_IPHONE_IPAD = NO;
				SUPPORTS_XR_DESIGNED_FOR_IPHONE_IPAD = NO;
				SWIFT_EMIT_LOC_STRINGS = YES;
				SWIFT_STRICT_CONCURRENCY = complete;
				SWIFT_VERSION = 5.0;
				TARGETED_DEVICE_FAMILY = 1;
			};
			name = Release;
		};
		316732042BF437F70012DDD7 /* Debug */ = {
			isa = XCBuildConfiguration;
			buildSettings = {
				BUNDLE_LOADER = "$(TEST_HOST)";
				CODE_SIGN_STYLE = Automatic;
				CURRENT_PROJECT_VERSION = 1;
				DEVELOPMENT_TEAM = 7B42UT7567;
				GENERATE_INFOPLIST_FILE = YES;
				IPHONEOS_DEPLOYMENT_TARGET = 15.0;
				MARKETING_VERSION = 1.0;
				PRODUCT_BUNDLE_IDENTIFIER = com.jbrothers.EmployeeDirectoryTests;
				PRODUCT_NAME = "$(TARGET_NAME)";
				SUPPORTED_PLATFORMS = "iphoneos iphonesimulator";
				SUPPORTS_MACCATALYST = NO;
				SUPPORTS_MAC_DESIGNED_FOR_IPHONE_IPAD = NO;
				SUPPORTS_XR_DESIGNED_FOR_IPHONE_IPAD = NO;
				SWIFT_EMIT_LOC_STRINGS = NO;
				SWIFT_VERSION = 5.0;
				TARGETED_DEVICE_FAMILY = 1;
				TEST_HOST = "$(BUILT_PRODUCTS_DIR)/EmployeeDirectory.app/$(BUNDLE_EXECUTABLE_FOLDER_PATH)/EmployeeDirectory";
			};
			name = Debug;
		};
		316732052BF437F70012DDD7 /* Release */ = {
			isa = XCBuildConfiguration;
			buildSettings = {
				BUNDLE_LOADER = "$(TEST_HOST)";
				CODE_SIGN_STYLE = Automatic;
				CURRENT_PROJECT_VERSION = 1;
				DEVELOPMENT_TEAM = 7B42UT7567;
				GENERATE_INFOPLIST_FILE = YES;
				IPHONEOS_DEPLOYMENT_TARGET = 15.0;
				MARKETING_VERSION = 1.0;
				PRODUCT_BUNDLE_IDENTIFIER = com.jbrothers.EmployeeDirectoryTests;
				PRODUCT_NAME = "$(TARGET_NAME)";
				SUPPORTED_PLATFORMS = "iphoneos iphonesimulator";
				SUPPORTS_MACCATALYST = NO;
				SUPPORTS_MAC_DESIGNED_FOR_IPHONE_IPAD = NO;
				SUPPORTS_XR_DESIGNED_FOR_IPHONE_IPAD = NO;
				SWIFT_EMIT_LOC_STRINGS = NO;
				SWIFT_VERSION = 5.0;
				TARGETED_DEVICE_FAMILY = 1;
				TEST_HOST = "$(BUILT_PRODUCTS_DIR)/EmployeeDirectory.app/$(BUNDLE_EXECUTABLE_FOLDER_PATH)/EmployeeDirectory";
			};
			name = Release;
		};
/* End XCBuildConfiguration section */

/* Begin XCConfigurationList section */
		316731D72BF437F50012DDD7 /* Build configuration list for PBXProject "EmployeeDirectory" */ = {
			isa = XCConfigurationList;
			buildConfigurations = (
				316731FE2BF437F70012DDD7 /* Debug */,
				316731FF2BF437F70012DDD7 /* Release */,
			);
			defaultConfigurationIsVisible = 0;
			defaultConfigurationName = Release;
		};
		316732002BF437F70012DDD7 /* Build configuration list for PBXNativeTarget "EmployeeDirectory" */ = {
			isa = XCConfigurationList;
			buildConfigurations = (
				316732012BF437F70012DDD7 /* Debug */,
				316732022BF437F70012DDD7 /* Release */,
			);
			defaultConfigurationIsVisible = 0;
			defaultConfigurationName = Release;
		};
		316732032BF437F70012DDD7 /* Build configuration list for PBXNativeTarget "EmployeeDirectoryTests" */ = {
			isa = XCConfigurationList;
			buildConfigurations = (
				316732042BF437F70012DDD7 /* Debug */,
				316732052BF437F70012DDD7 /* Release */,
			);
			defaultConfigurationIsVisible = 0;
			defaultConfigurationName = Release;
		};
/* End XCConfigurationList section */
	};
	rootObject = 316731D42BF437F50012DDD7 /* Project object */;
}
